{
  "name": "ziko-wrapper",
  "version": "0.0.19",
  "lockfileVersion": 2,
  "requires": true,
  "packages": {
    "": {
      "name": "ziko-wrapper",
      "version": "0.0.19",
      "license": "MIT",
      "dependencies": {
        "ziko": "^0.0.25"
      }
    },
    "node_modules/ziko": {
      "version": "0.0.25",
      "resolved": "https://registry.npmjs.org/ziko/-/ziko-0.0.25.tgz",
      "integrity": "sha512-EO+/ZzQAUlL5HFGy7xBNqqPEtvpk64NW0P9cWnLKjrIjYgQmCN12UCP4BfV8gJ2NzHDnUg/o5HQlJCtaFXDHqQ==",
      "license": "MIT",
      "bin": {
        "create-ziko-app": "starter/bin/index.js"
      }
    }
  },
  "dependencies": {
    "ziko": {
      "version": "0.0.25",
      "resolved": "https://registry.npmjs.org/ziko/-/ziko-0.0.25.tgz",
      "integrity": "sha512-EO+/ZzQAUlL5HFGy7xBNqqPEtvpk64NW0P9cWnLKjrIjYgQmCN12UCP4BfV8gJ2NzHDnUg/o5HQlJCtaFXDHqQ=="
    }
  }
}
