{
  "name": "ziko-wrapper",
  "version": "0.0.4",
  "lockfileVersion": 2,
  "requires": true,
  "packages": {
    "": {
      "name": "ziko-wrapper",
      "version": "0.0.4",
      "license": "MIT",
      "dependencies": {
        "ziko": "^0.0.11"
      }
    },
    "node_modules/ziko": {
      "version": "0.0.11",
      "resolved": "https://registry.npmjs.org/ziko/-/ziko-0.0.11.tgz",
      "integrity": "sha512-qY5EmZ+W2hqdkXkTfmomcAg7F8Ag0OKoDNyjU+4HKI9Q7IX6kg+WnAZVYarvdvJbQiHr2dKa4IA1Z3S0OxlgYw==",
      "license": "MIT",
      "bin": {
        "create-ziko-app": "starter/bin/index.js"
      }
    }
  },
  "dependencies": {
    "ziko": {
      "version": "0.0.11",
      "resolved": "https://registry.npmjs.org/ziko/-/ziko-0.0.11.tgz",
      "integrity": "sha512-qY5EmZ+W2hqdkXkTfmomcAg7F8Ag0OKoDNyjU+4HKI9Q7IX6kg+WnAZVYarvdvJbQiHr2dKa4IA1Z3S0OxlgYw=="
    }
  }
}
