{
  "name": "ziko-wrapper",
  "version": "0.0.3",
  "lockfileVersion": 2,
  "requires": true,
  "packages": {
    "": {
      "name": "ziko-wrapper",
      "version": "0.0.3",
      "license": "MIT",
      "dependencies": {
        "ziko": "^0.0.7"
      }
    },
    "node_modules/ziko": {
      "version": "0.0.7",
      "resolved": "https://registry.npmjs.org/ziko/-/ziko-0.0.7.tgz",
      "integrity": "sha512-8ohRbRb+ecfkMywDEOe07Y/7s/1ayMw0i+7Ry8BF836Uov7e5WTd5/5RfZyq4Pj76821mrQpQDeNhUaVrXaj3Q==",
      "bin": {
        "create-ziko-app": "starter/bin/index.js"
      }
    }
  },
  "dependencies": {
    "ziko": {
      "version": "0.0.7",
      "resolved": "https://registry.npmjs.org/ziko/-/ziko-0.0.7.tgz",
      "integrity": "sha512-8ohRbRb+ecfkMywDEOe07Y/7s/1ayMw0i+7Ry8BF836Uov7e5WTd5/5RfZyq4Pj76821mrQpQDeNhUaVrXaj3Q=="
    }
  }
}
